
Microsoft Visual Studio Solution File, Format Version 12.00
Project("{FAE04EC0-301F-11D3-BF4B-00C04F79EFBC}") = "HW1", "HW1\HW1.csproj", "{D13DBCCB-3839-47EC-8636-EC47337B4A95}"
EndProject
Project("{FAE04EC0-301F-11D3-BF4B-00C04F79EFBC}") = "HW2Linq", "HW2Linq\HW2Linq.csproj", "{5FCBBAED-9DEB-4300-B2FD-27A4DA36164C}"
EndProject
Project("{FAE04EC0-301F-11D3-BF4B-00C04F79EFBC}") = "HW3", "HW3\HW3.csproj", "{B19689DC-E107-4DBE-8763-88C949EB547B}"
EndProject
Project("{FAE04EC0-301F-11D3-BF4B-00C04F79EFBC}") = "HW4", "HW4\HW4.csproj", "{EEDAE3BD-C723-4BC8-B3E3-F40C93E88003}"
EndProject
Global
	GlobalSection(SolutionConfigurationPlatforms) = preSolution
		Debug|Any CPU = Debug|Any CPU
		Release|Any CPU = Release|Any CPU
	EndGlobalSection
	GlobalSection(ProjectConfigurationPlatforms) = postSolution
		{D13DBCCB-3839-47EC-8636-EC47337B4A95}.Debug|Any CPU.ActiveCfg = Debug|Any CPU
		{D13DBCCB-3839-47EC-8636-EC47337B4A95}.Debug|Any CPU.Build.0 = Debug|Any CPU
		{D13DBCCB-3839-47EC-8636-EC47337B4A95}.Release|Any CPU.ActiveCfg = Release|Any CPU
		{D13DBCCB-3839-47EC-8636-EC47337B4A95}.Release|Any CPU.Build.0 = Release|Any CPU
		{5FCBBAED-9DEB-4300-B2FD-27A4DA36164C}.Debug|Any CPU.ActiveCfg = Debug|Any CPU
		{5FCBBAED-9DEB-4300-B2FD-27A4DA36164C}.Debug|Any CPU.Build.0 = Debug|Any CPU
		{5FCBBAED-9DEB-4300-B2FD-27A4DA36164C}.Release|Any CPU.ActiveCfg = Release|Any CPU
		{5FCBBAED-9DEB-4300-B2FD-27A4DA36164C}.Release|Any CPU.Build.0 = Release|Any CPU
		{B19689DC-E107-4DBE-8763-88C949EB547B}.Debug|Any CPU.ActiveCfg = Debug|Any CPU
		{B19689DC-E107-4DBE-8763-88C949EB547B}.Debug|Any CPU.Build.0 = Debug|Any CPU
		{B19689DC-E107-4DBE-8763-88C949EB547B}.Release|Any CPU.ActiveCfg = Release|Any CPU
		{B19689DC-E107-4DBE-8763-88C949EB547B}.Release|Any CPU.Build.0 = Release|Any CPU
		{EEDAE3BD-C723-4BC8-B3E3-F40C93E88003}.Debug|Any CPU.ActiveCfg = Debug|Any CPU
		{EEDAE3BD-C723-4BC8-B3E3-F40C93E88003}.Debug|Any CPU.Build.0 = Debug|Any CPU
		{EEDAE3BD-C723-4BC8-B3E3-F40C93E88003}.Release|Any CPU.ActiveCfg = Release|Any CPU
		{EEDAE3BD-C723-4BC8-B3E3-F40C93E88003}.Release|Any CPU.Build.0 = Release|Any CPU
	EndGlobalSection
EndGlobal
